
Microsoft Visual Studio Solution File, Format Version 12.00
# Visual Studio 15
VisualStudioVersion = 15.0.28307.757
MinimumVisualStudioVersion = 10.0.40219.1
Project("{FAE04EC0-301F-11D3-BF4B-00C04F79EFBC}") = "HiveThrift", "HiveThrift\HiveThrift.csproj", "{C0945FBA-F56C-4958-AC20-60702F32EE89}"
EndProject
Project("{FAE04EC0-301F-11D3-BF4B-00C04F79EFBC}") = "Example", "Example\Example.csproj", "{55549209-0974-417E-A0C8-F925538CD0CB}"
EndProject
Global
	GlobalSection(SolutionConfigurationPlatforms) = preSolution
		Debug|Any CPU = Debug|Any CPU
		Release|Any CPU = Release|Any CPU
	EndGlobalSection
	GlobalSection(ProjectConfigurationPlatforms) = postSolution
		{C0945FBA-F56C-4958-AC20-60702F32EE89}.Debug|Any CPU.ActiveCfg = Debug|Any CPU
		{C0945FBA-F56C-4958-AC20-60702F32EE89}.Debug|Any CPU.Build.0 = Debug|Any CPU
		{C0945FBA-F56C-4958-AC20-60702F32EE89}.Release|Any CPU.ActiveCfg = Release|Any CPU
		{C0945FBA-F56C-4958-AC20-60702F32EE89}.Release|Any CPU.Build.0 = Release|Any CPU
		{55549209-0974-417E-A0C8-F925538CD0CB}.Debug|Any CPU.ActiveCfg = Debug|Any CPU
		{55549209-0974-417E-A0C8-F925538CD0CB}.Debug|Any CPU.Build.0 = Debug|Any CPU
		{55549209-0974-417E-A0C8-F925538CD0CB}.Release|Any CPU.ActiveCfg = Release|Any CPU
		{55549209-0974-417E-A0C8-F925538CD0CB}.Release|Any CPU.Build.0 = Release|Any CPU
	EndGlobalSection
	GlobalSection(SolutionProperties) = preSolution
		HideSolutionNode = FALSE
	EndGlobalSection
	GlobalSection(ExtensibilityGlobals) = postSolution
		SolutionGuid = {58A1FBE7-125D-4AF2-AE3A-55AD9B2B18EC}
	EndGlobalSection
EndGlobal
